
Microsoft Visual Studio Solution File, Format Version 12.00
# Visual Studio Version 16
VisualStudioVersion = 16.0.29025.244
MinimumVisualStudioVersion = 10.0.40219.1
Project("{FAE04EC0-301F-11D3-BF4B-00C04F79EFBC}") = "ErkinStudy", "ErkinStudy\ErkinStudy.csproj", "{4E8164E6-728D-4484-A54D-41F65F9CEDCA}"
EndProject
Global
	GlobalSection(SolutionConfigurationPlatforms) = preSolution
		Debug|Any CPU = Debug|Any CPU
		Release|Any CPU = Release|Any CPU
	EndGlobalSection
	GlobalSection(ProjectConfigurationPlatforms) = postSolution
		{4E8164E6-728D-4484-A54D-41F65F9CEDCA}.Debug|Any CPU.ActiveCfg = Debug|Any CPU
		{4E8164E6-728D-4484-A54D-41F65F9CEDCA}.Debug|Any CPU.Build.0 = Debug|Any CPU
		{4E8164E6-728D-4484-A54D-41F65F9CEDCA}.Release|Any CPU.ActiveCfg = Release|Any CPU
		{4E8164E6-728D-4484-A54D-41F65F9CEDCA}.Release|Any CPU.Build.0 = Release|Any CPU
	EndGlobalSection
	GlobalSection(SolutionProperties) = preSolution
		HideSolutionNode = FALSE
	EndGlobalSection
	GlobalSection(ExtensibilityGlobals) = postSolution
		SolutionGuid = {97C572D7-8D22-41FB-B34F-07E2CFAC81DB}
	EndGlobalSection
EndGlobal
